
Microsoft Visual Studio Solution File, Format Version 12.00
# Visual Studio Version 17
VisualStudioVersion = 17.5.33627.172
MinimumVisualStudioVersion = 10.0.40219.1
Project("{FAE04EC0-301F-11D3-BF4B-00C04F79EFBC}") = "Day15_ReflectionRegistraction_FindNearestNum", "Day15_ReflectionRegistraction_FindNearestNum\Day15_ReflectionRegistraction_FindNearestNum.csproj", "{843B2AC8-F724-4BF5-8054-8EE97EAD5E56}"
EndProject
Global
	GlobalSection(SolutionConfigurationPlatforms) = preSolution
		Debug|Any CPU = Debug|Any CPU
		Release|Any CPU = Release|Any CPU
	EndGlobalSection
	GlobalSection(ProjectConfigurationPlatforms) = postSolution
		{843B2AC8-F724-4BF5-8054-8EE97EAD5E56}.Debug|Any CPU.ActiveCfg = Debug|Any CPU
		{843B2AC8-F724-4BF5-8054-8EE97EAD5E56}.Debug|Any CPU.Build.0 = Debug|Any CPU
		{843B2AC8-F724-4BF5-8054-8EE97EAD5E56}.Release|Any CPU.ActiveCfg = Release|Any CPU
		{843B2AC8-F724-4BF5-8054-8EE97EAD5E56}.Release|Any CPU.Build.0 = Release|Any CPU
	EndGlobalSection
	GlobalSection(SolutionProperties) = preSolution
		HideSolutionNode = FALSE
	EndGlobalSection
	GlobalSection(ExtensibilityGlobals) = postSolution
		SolutionGuid = {5987066E-1F7D-484D-AB97-89A947128525}
	EndGlobalSection
EndGlobal
